{
  "meteor": {},
  "dependencies": {
    "basePackages": {
      "momentjs": {}
    },
    "packages": {
      "momentjs": {
        "git": "https://github.com/crapthings/meteor-momentjs.git",
        "tag": "v2.1.0.2",
        "commit": "59a762e297082eea8b8cae00374c2b7ac6f89529"
      }
    }
  }
}
